Microsoft Visual Studio Solution File, Format Version 12.00
# Visual Studio Version 17
VisualStudioVersion = 17.5.2.0
MinimumVisualStudioVersion = 10.0.40219.1
Project("{FAE04EC0-301F-11D3-BF4B-00C04F79EFBC}") = "EsercizioAereo", "EsercizioAereo.csproj", "{420460A2-EE5E-9896-A3FC-A5442EADD568}"
EndProject
Global
	GlobalSection(SolutionConfigurationPlatforms) = preSolution
		Debug|Any CPU = Debug|Any CPU
		Release|Any CPU = Release|Any CPU
	EndGlobalSection
	GlobalSection(ProjectConfigurationPlatforms) = postSolution
		{420460A2-EE5E-9896-A3FC-A5442EADD568}.Debug|Any CPU.ActiveCfg = Debug|Any CPU
		{420460A2-EE5E-9896-A3FC-A5442EADD568}.Debug|Any CPU.Build.0 = Debug|Any CPU
		{420460A2-EE5E-9896-A3FC-A5442EADD568}.Release|Any CPU.ActiveCfg = Release|Any CPU
		{420460A2-EE5E-9896-A3FC-A5442EADD568}.Release|Any CPU.Build.0 = Release|Any CPU
	EndGlobalSection
	GlobalSection(SolutionProperties) = preSolution
		HideSolutionNode = FALSE
	EndGlobalSection
	GlobalSection(ExtensibilityGlobals) = postSolution
		SolutionGuid = {2CFBC330-E536-437A-8641-A59EA6FA1487}
	EndGlobalSection
EndGlobal
