Microsoft Visual Studio Solution File, Format Version 12.00
# Visual Studio Version 17
VisualStudioVersion = 17.5.2.0
MinimumVisualStudioVersion = 10.0.40219.1
Project("{FAE04EC0-301F-11D3-BF4B-00C04F79EFBC}") = "EsercizioVeicoli", "EsercizioVeicoli.csproj", "{6A4881B0-061F-8239-C8BB-B9575A4442E4}"
EndProject
Global
	GlobalSection(SolutionConfigurationPlatforms) = preSolution
		Debug|Any CPU = Debug|Any CPU
		Release|Any CPU = Release|Any CPU
	EndGlobalSection
	GlobalSection(ProjectConfigurationPlatforms) = postSolution
		{6A4881B0-061F-8239-C8BB-B9575A4442E4}.Debug|Any CPU.ActiveCfg = Debug|Any CPU
		{6A4881B0-061F-8239-C8BB-B9575A4442E4}.Debug|Any CPU.Build.0 = Debug|Any CPU
		{6A4881B0-061F-8239-C8BB-B9575A4442E4}.Release|Any CPU.ActiveCfg = Release|Any CPU
		{6A4881B0-061F-8239-C8BB-B9575A4442E4}.Release|Any CPU.Build.0 = Release|Any CPU
	EndGlobalSection
	GlobalSection(SolutionProperties) = preSolution
		HideSolutionNode = FALSE
	EndGlobalSection
	GlobalSection(ExtensibilityGlobals) = postSolution
		SolutionGuid = {82EF3524-D947-49FB-885D-FBB14BF492D8}
	EndGlobalSection
EndGlobal
